
Microsoft Visual Studio Solution File, Format Version 12.00
# Visual Studio Version 16
VisualStudioVersion = 16.0.32413.511
MinimumVisualStudioVersion = 10.0.40219.1
Project("{FAE04EC0-301F-11D3-BF4B-00C04F79EFBC}") = "Demo_10_07_2022_PuteshestviePoRossii", "Demo_10_07_2022_PuteshestviePoRossii.csproj", "{A9202199-86E2-49B9-AF29-4F63401E082F}"
EndProject
Global
	GlobalSection(SolutionConfigurationPlatforms) = preSolution
		Debug|Any CPU = Debug|Any CPU
		Release|Any CPU = Release|Any CPU
	EndGlobalSection
	GlobalSection(ProjectConfigurationPlatforms) = postSolution
		{A9202199-86E2-49B9-AF29-4F63401E082F}.Debug|Any CPU.ActiveCfg = Debug|Any CPU
		{A9202199-86E2-49B9-AF29-4F63401E082F}.Debug|Any CPU.Build.0 = Debug|Any CPU
		{A9202199-86E2-49B9-AF29-4F63401E082F}.Release|Any CPU.ActiveCfg = Release|Any CPU
		{A9202199-86E2-49B9-AF29-4F63401E082F}.Release|Any CPU.Build.0 = Release|Any CPU
	EndGlobalSection
	GlobalSection(SolutionProperties) = preSolution
		HideSolutionNode = FALSE
	EndGlobalSection
	GlobalSection(ExtensibilityGlobals) = postSolution
		SolutionGuid = {B22320C9-B82D-486C-82A2-CD01C781F9DF}
	EndGlobalSection
EndGlobal
